<?xml version="1.0" encoding="utf-8"?>
<Project ToolsVersion="4.0" xmlns="http://schemas.microsoft.com/developer/msbuild/2003">
  <ItemGroup>
    <ClCompile Include="main\entry.cpp" />
    <ClCompile Include="win32\console.cpp" />
    <ClCompile Include="win32\dialog.cpp" />
    <ClCompile Include="win32\privilege.cpp" />
    <ClCompile Include="resource\intel.cpp" />
    <ClCompile Include="resource\data_loader.cpp" />
    <ClCompile Include="win32\version.cpp" />
    <ClCompile Include="main\mmap.cpp" />
    <ClCompile Include="main\device_drivers.cpp" />
    <ClCompile Include="main\unloaded_drivers.cpp" />
    <ClCompile Include="win32\debug_trace.cpp" />
    <ClCompile Include="main\privileges.cpp" />
    <ClCompile Include="symbols\pdb_manager.cpp" />
    <ClCompile Include="symbols\symbol_data.cpp" />
    <ClCompile Include="symbols\symbol_loader.cpp" />
    <ClCompile Include="io\driver_control.cpp" />
    <ClCompile Include="win32\pe_image.cpp" />
    <ClCompile Include="win32\exception.cpp" />
    <ClCompile Include="core\string.cpp" />
    <ClCompile Include="win32\driver.cpp" />
    <ClCompile Include="win32\native.cpp" />
    <ClCompile Include="memory\scan.cpp" />
    <ClCompile Include="win32\file.cpp" />
    <ClCompile Include="core\map_data.cpp" />
    <ClCompile Include="win32\import_manager.cpp" />
    <ClCompile Include="win32\initializer.cpp" />
    <ClCompile Include="kernel\loader.cpp" />
    <ClCompile Include="kernel\nt_system.cpp" />
    <ClCompile Include="main\dump.cpp" />
  </ItemGroup>
  <ItemGroup>
    <ClInclude Include="include\auto.hpp" />
    <ClInclude Include="include\base.hpp" />
    <ClInclude Include="include\win32.hpp" />
    <ClInclude Include="win32\console.hpp" />
    <ClInclude Include="win32\dialog.hpp" />
    <ClInclude Include="win32\privilege.hpp" />
    <ClInclude Include="win32\handle_guard.hpp" />
    <ClInclude Include="memory\operation.hpp" />
    <ClInclude Include="resource\intel.hpp" />
    <ClInclude Include="resource\herby.hpp" />
    <ClInclude Include="resource\data_loader.hpp" />
    <ClInclude Include="win32\version.hpp" />
    <ClInclude Include="main\mmap.hpp" />
    <ClInclude Include="main\device_drivers.hpp" />
    <ClInclude Include="main\unloaded_drivers.hpp" />
    <ClInclude Include="win32\debug_trace.hpp" />
    <ClInclude Include="main\privileges.hpp" />
    <ClInclude Include="resource\pubg.hpp" />
    <ClInclude Include="dia\cvconst.h" />
    <ClInclude Include="dia\dia2.h" />
    <ClInclude Include="dia\diacreate.h" />
    <ClInclude Include="symbols\pdb_manager.hpp" />
    <ClInclude Include="symbols\symbol_data.hpp" />
    <ClInclude Include="symbols\symbol_loader.hpp" />
    <ClInclude Include="constant\character.hpp" />
    <ClInclude Include="constant\string.hpp" />
    <ClInclude Include="constant\hash.hpp" />
    <ClInclude Include="krypton\driver_map_context.hpp" />
    <ClInclude Include="io\driver_control.hpp" />
    <ClInclude Include="win32\pe_image.hpp" />
    <ClInclude Include="include\invoke_result.hpp" />
    <ClInclude Include="include\handle_guard.hpp" />
    <ClInclude Include="core\no_copy.hpp" />
    <ClInclude Include="core\no_move.hpp" />
    <ClInclude Include="core\singleton.hpp" />
    <ClInclude Include="core\timer.hpp" />
    <ClInclude Include="core\map_data.hpp" />
    <ClInclude Include="win32\exception.hpp" />
    <ClInclude Include="win32\stack_trace.hpp" />
    <ClInclude Include="resource\doze.hpp" />
    <ClInclude Include="core\string.hpp" />
    <ClInclude Include="io\packet.hpp" />
    <ClInclude Include="win32\driver.hpp" />
    <ClInclude Include="win32\native.hpp" />
    <ClInclude Include="memory\macro.hpp" />
    <ClInclude Include="memory\scan.hpp" />
    <ClInclude Include="win32\file.hpp" />
    <ClInclude Include="options\configuration.hpp" />
    <ClInclude Include="win32\import_manager.hpp" />
    <ClInclude Include="win32\initializer.hpp" />
    <ClInclude Include="kernel\loader.hpp" />
    <ClInclude Include="kernel\nt_system.hpp" />
    <ClInclude Include="main\dump.hpp" />
  </ItemGroup>
</Project>